
Microsoft Visual Studio Solution File, Format Version 12.00
# Visual Studio Version 16
VisualStudioVersion = 16.0.31702.278
MinimumVisualStudioVersion = 10.0.40219.1
Project("{888888A0-9F3D-457C-B088-3A5042F75D52}") = "Game", "Game\Game.pyproj", "{C2403DCE-1CD9-4FEA-AD0A-613F3908C37E}"
EndProject
Global
	GlobalSection(SolutionConfigurationPlatforms) = preSolution
		Debug|Any CPU = Debug|Any CPU
		Release|Any CPU = Release|Any CPU
	EndGlobalSection
	GlobalSection(ProjectConfigurationPlatforms) = postSolution
		{C2403DCE-1CD9-4FEA-AD0A-613F3908C37E}.Debug|Any CPU.ActiveCfg = Debug|Any CPU
		{C2403DCE-1CD9-4FEA-AD0A-613F3908C37E}.Release|Any CPU.ActiveCfg = Release|Any CPU
	EndGlobalSection
	GlobalSection(SolutionProperties) = preSolution
		HideSolutionNode = FALSE
	EndGlobalSection
	GlobalSection(ExtensibilityGlobals) = postSolution
		SolutionGuid = {87091977-759F-4ACA-825C-0EA4CADF2929}
	EndGlobalSection
EndGlobal
